<?xml version="1.0" encoding="utf-8"?>
<Project ToolsVersion="4.0" xmlns="http://schemas.microsoft.com/developer/msbuild/2003">
  <ItemGroup>
    <Filter Include="Source Files">
      <UniqueIdentifier>{4FC737F1-C7A5-4376-A066-2A32D752A2FF}</UniqueIdentifier>
      <Extensions>cpp;c;cc;cxx;c++;cppm;ixx;def;odl;idl;hpj;bat;asm;asmx</Extensions>
    </Filter>
    <Filter Include="Header Files">
      <UniqueIdentifier>{93995380-89BD-4b04-88EB-625FBE52EBFB}</UniqueIdentifier>
      <Extensions>h;hh;hpp;hxx;h++;hm;inl;inc;ipp;xsd</Extensions>
    </Filter>
    <Filter Include="Resource Files">
      <UniqueIdentifier>{67DA6AB6-F800-4c08-8B7A-83BB121AAD01}</UniqueIdentifier>
      <Extensions>rc;ico;cur;bmp;dlg;rc2;rct;bin;rgs;gif;jpg;jpeg;jpe;resx;tiff;tif;png;wav;mfcribbon-ms</Extensions>
    </Filter>
    <Filter Include="Header Files\core">
      <UniqueIdentifier>{cd8e79cc-91e7-4fa5-9e9a-324418f7f720}</UniqueIdentifier>
    </Filter>
    <Filter Include="Source Files\core">
      <UniqueIdentifier>{f1ba7a1e-4a3a-484f-82c4-53584bf00401}</UniqueIdentifier>
    </Filter>
    <Filter Include="Header Files\math">
      <UniqueIdentifier>{169622d7-8567-4688-8d02-ca70d1cc3ad2}</UniqueIdentifier>
    </Filter>
    <Filter Include="Source Files\math">
      <UniqueIdentifier>{6b2cc3eb-0b87-4e75-95fa-a9c0cebcb235}</UniqueIdentifier>
    </Filter>
    <Filter Include="Header Files\dnn">
      <UniqueIdentifier>{6bab1e77-2e12-4f89-a6bd-4547b3cd4889}</UniqueIdentifier>
    </Filter>
    <Filter Include="Source Files\dnn">
      <UniqueIdentifier>{317ae037-7fdc-4404-a8b9-a63cf8c1a43b}</UniqueIdentifier>
    </Filter>
    <Filter Include="Header Files\dnn\layers">
      <UniqueIdentifier>{6d994837-7f41-4bdb-844d-2027d441c6e5}</UniqueIdentifier>
    </Filter>
    <Filter Include="Source Files\dnn\layers">
      <UniqueIdentifier>{325eb4c5-9361-4062-bff7-ee2780bc214e}</UniqueIdentifier>
    </Filter>
    <Filter Include="Header Files\metrics">
      <UniqueIdentifier>{f8ee2a93-6e92-4677-b89d-c4451a402634}</UniqueIdentifier>
    </Filter>
    <Filter Include="Source Files\metrics">
      <UniqueIdentifier>{4edbaf10-9816-408f-866d-854b22221613}</UniqueIdentifier>
    </Filter>
  </ItemGroup>
  <ItemGroup>
    <ClInclude Include="include\core\core.hpp">
      <Filter>Header Files\core</Filter>
    </ClInclude>
    <ClInclude Include="include\core\def.hpp">
      <Filter>Header Files\core</Filter>
    </ClInclude>
    <ClInclude Include="include\core\allocator.hpp">
      <Filter>Header Files\core</Filter>
    </ClInclude>
    <ClInclude Include="include\core\log.hpp">
      <Filter>Header Files\core</Filter>
    </ClInclude>
    <ClInclude Include="include\core\file.hpp">
      <Filter>Header Files\core</Filter>
    </ClInclude>
    <ClInclude Include="include\core\tensor.hpp">
      <Filter>Header Files\core</Filter>
    </ClInclude>
    <ClInclude Include="include\core\vec.hpp">
      <Filter>Header Files\core</Filter>
    </ClInclude>
    <ClInclude Include="include\math\tensor_op.hpp">
      <Filter>Header Files\math</Filter>
    </ClInclude>
    <ClInclude Include="include\math\base.hpp">
      <Filter>Header Files\math</Filter>
    </ClInclude>
    <ClInclude Include="include\dnn\layer.hpp">
      <Filter>Header Files\dnn</Filter>
    </ClInclude>
    <ClInclude Include="include\dnn\net.hpp">
      <Filter>Header Files\dnn</Filter>
    </ClInclude>
    <ClInclude Include="include\dnn\option.hpp">
      <Filter>Header Files\dnn</Filter>
    </ClInclude>
    <ClInclude Include="include\dnn\layers\binary_op.hpp">
      <Filter>Header Files\dnn\layers</Filter>
    </ClInclude>
    <ClInclude Include="include\dnn\layer_factory.hpp">
      <Filter>Header Files\dnn</Filter>
    </ClInclude>
    <ClInclude Include="include\dnn\model.hpp">
      <Filter>Header Files\dnn</Filter>
    </ClInclude>
    <ClInclude Include="include\dnn\layers\innerproduct.hpp">
      <Filter>Header Files\dnn\layers</Filter>
    </ClInclude>
    <ClInclude Include="include\dnn\layers\noop.hpp">
      <Filter>Header Files\dnn\layers</Filter>
    </ClInclude>
    <ClInclude Include="include\metrics\confusion.hpp">
      <Filter>Header Files\metrics</Filter>
    </ClInclude>
  </ItemGroup>
  <ItemGroup>
    <ClCompile Include="src\core\core.cpp">
      <Filter>Source Files\core</Filter>
    </ClCompile>
    <ClCompile Include="src\core\log.cpp">
      <Filter>Source Files\core</Filter>
    </ClCompile>
    <ClCompile Include="src\core\file.cpp">
      <Filter>Source Files\core</Filter>
    </ClCompile>
    <ClCompile Include="src\core\allocator.cpp">
      <Filter>Source Files\core</Filter>
    </ClCompile>
    <ClCompile Include="src\core\tensor.cpp">
      <Filter>Source Files\core</Filter>
    </ClCompile>
    <ClCompile Include="src\math\tensor_op.cpp">
      <Filter>Source Files\math</Filter>
    </ClCompile>
    <ClCompile Include="src\math\lapack.cpp">
      <Filter>Source Files\math</Filter>
    </ClCompile>
    <ClCompile Include="src\dnn\layer.cpp">
      <Filter>Source Files\dnn</Filter>
    </ClCompile>
    <ClCompile Include="src\dnn\layers\binary_op.cpp">
      <Filter>Source Files\dnn\layers</Filter>
    </ClCompile>
    <ClCompile Include="src\dnn\layer_factory.cpp">
      <Filter>Source Files\dnn</Filter>
    </ClCompile>
    <ClCompile Include="src\dnn\layer_declaration.cpp">
      <Filter>Source Files\dnn</Filter>
    </ClCompile>
    <ClCompile Include="src\dnn\model.cpp">
      <Filter>Source Files\dnn</Filter>
    </ClCompile>
    <ClCompile Include="src\dbb\layers\innerproduct.cpp">
      <Filter>Source Files\dnn\layers</Filter>
    </ClCompile>
    <ClCompile Include="src\dnn\layers\noop.cpp">
      <Filter>Source Files\dnn\layers</Filter>
    </ClCompile>
    <ClCompile Include="src\metrics\confusion.cpp">
      <Filter>Source Files\metrics</Filter>
    </ClCompile>
  </ItemGroup>
</Project>